
Microsoft Visual Studio Solution File, Format Version 12.00
# Visual Studio Version 17
VisualStudioVersion = 17.11.35219.272
MinimumVisualStudioVersion = 10.0.40219.1
Project("{FAE04EC0-301F-11D3-BF4B-00C04F79EFBC}") = "EduAll", "EduAll\EduAll.csproj", "{D9EB2380-E414-48C2-84B7-673D40F5DE97}"
EndProject
Global
	GlobalSection(SolutionConfigurationPlatforms) = preSolution
		Debug|Any CPU = Debug|Any CPU
		Release|Any CPU = Release|Any CPU
	EndGlobalSection
	GlobalSection(ProjectConfigurationPlatforms) = postSolution
		{D9EB2380-E414-48C2-84B7-673D40F5DE97}.Debug|Any CPU.ActiveCfg = Debug|Any CPU
		{D9EB2380-E414-48C2-84B7-673D40F5DE97}.Debug|Any CPU.Build.0 = Debug|Any CPU
		{D9EB2380-E414-48C2-84B7-673D40F5DE97}.Release|Any CPU.ActiveCfg = Release|Any CPU
		{D9EB2380-E414-48C2-84B7-673D40F5DE97}.Release|Any CPU.Build.0 = Release|Any CPU
	EndGlobalSection
	GlobalSection(SolutionProperties) = preSolution
		HideSolutionNode = FALSE
	EndGlobalSection
	GlobalSection(ExtensibilityGlobals) = postSolution
		SolutionGuid = {CCD98C0D-298F-49CC-BBCC-B68BB76BF186}
	EndGlobalSection
EndGlobal
